
Microsoft Visual Studio Solution File, Format Version 12.00
# Visual Studio 2012
Project("{FAE04EC0-301F-11D3-BF4B-00C04F79EFBC}") = "EdvFramework", "EdvFramework\EdvFramework.csproj", "{18BEA929-3AEA-4D8D-A9E6-7791A0026328}"
EndProject
Project("{FAE04EC0-301F-11D3-BF4B-00C04F79EFBC}") = "Teste", "Teste\Teste.csproj", "{B0B5F2B3-7F82-44F5-8FE8-5B85114D95AB}"
EndProject
Global
	GlobalSection(SolutionConfigurationPlatforms) = preSolution
		Debug|Any CPU = Debug|Any CPU
		Release|Any CPU = Release|Any CPU
	EndGlobalSection
	GlobalSection(ProjectConfigurationPlatforms) = postSolution
		{18BEA929-3AEA-4D8D-A9E6-7791A0026328}.Debug|Any CPU.ActiveCfg = Debug|Any CPU
		{18BEA929-3AEA-4D8D-A9E6-7791A0026328}.Debug|Any CPU.Build.0 = Debug|Any CPU
		{18BEA929-3AEA-4D8D-A9E6-7791A0026328}.Release|Any CPU.ActiveCfg = Release|Any CPU
		{18BEA929-3AEA-4D8D-A9E6-7791A0026328}.Release|Any CPU.Build.0 = Release|Any CPU
		{B0B5F2B3-7F82-44F5-8FE8-5B85114D95AB}.Debug|Any CPU.ActiveCfg = Debug|Any CPU
		{B0B5F2B3-7F82-44F5-8FE8-5B85114D95AB}.Debug|Any CPU.Build.0 = Debug|Any CPU
		{B0B5F2B3-7F82-44F5-8FE8-5B85114D95AB}.Release|Any CPU.ActiveCfg = Release|Any CPU
		{B0B5F2B3-7F82-44F5-8FE8-5B85114D95AB}.Release|Any CPU.Build.0 = Release|Any CPU
	EndGlobalSection
	GlobalSection(SolutionProperties) = preSolution
		HideSolutionNode = FALSE
	EndGlobalSection
EndGlobal
